{"is_source_file": false, "format": null, "description": "", "external_files": [], "external_methods": [], "published": [], "classes": [], "methods": [], "calls": [], "search-terms": [], "state": 2, "file_id": 4, "knowledge_revision": 17, "git_revision": "388a412287bc92b179b0f28edd2991cdd8599d24", "hash": "9c4ed7ef73e22b872b8055bec08b8979", "format-version": 4, "code-base-name": "default", "filename": "note_app_frontend/post_process_status.lock", "revision_history": [{"17": "388a412287bc92b179b0f28edd2991cdd8599d24"}]}